
Microsoft Visual Studio Solution File, Format Version 12.00
# Visual Studio Version 16
VisualStudioVersion = 16.0.33130.400
MinimumVisualStudioVersion = 10.0.40219.1
Project("{FAE04EC0-301F-11D3-BF4B-00C04F79EFBC}") = "WpfApp1", "WpfApp1\WpfApp1.csproj", "{AB421C86-47FC-4FF8-894C-6E862FF91992}"
EndProject
Global
	GlobalSection(SolutionConfigurationPlatforms) = preSolution
		Debug|Any CPU = Debug|Any CPU
		Release|Any CPU = Release|Any CPU
	EndGlobalSection
	GlobalSection(ProjectConfigurationPlatforms) = postSolution
		{AB421C86-47FC-4FF8-894C-6E862FF91992}.Debug|Any CPU.ActiveCfg = Debug|Any CPU
		{AB421C86-47FC-4FF8-894C-6E862FF91992}.Debug|Any CPU.Build.0 = Debug|Any CPU
		{AB421C86-47FC-4FF8-894C-6E862FF91992}.Release|Any CPU.ActiveCfg = Release|Any CPU
		{AB421C86-47FC-4FF8-894C-6E862FF91992}.Release|Any CPU.Build.0 = Release|Any CPU
	EndGlobalSection
	GlobalSection(SolutionProperties) = preSolution
		HideSolutionNode = FALSE
	EndGlobalSection
	GlobalSection(ExtensibilityGlobals) = postSolution
		SolutionGuid = {7CEFC930-DD6B-4F2D-AFC7-A36297AA1A20}
	EndGlobalSection
EndGlobal
